<?xml version="1.0" encoding="utf-8"?>
<Project ToolsVersion="4.0" xmlns="http://schemas.microsoft.com/developer/msbuild/2003">
  <ItemGroup>
    <Filter Include="sys">
      <UniqueIdentifier>{60cf0e75-caca-41c8-8e3a-d92f41ed961b}</UniqueIdentifier>
    </Filter>
  </ItemGroup>
  <ItemGroup>
    <ClCompile Include="..\..\libs\libc\sys\io.c">
      <Filter>sys</Filter>
    </ClCompile>
    <ClCompile Include="..\..\libs\libc\itos.c" />
    <ClCompile Include="..\..\libs\libc\malloc.c" />
    <ClCompile Include="..\..\libs\libc\stdio.c" />
    <ClCompile Include="..\..\libs\libc\stdlib.c" />
    <ClCompile Include="..\..\libs\libc\string.c" />
    <ClCompile Include="..\..\libs\libc\time.c" />
    <ClCompile Include="..\..\libs\libc\traceback.c" />
    <ClCompile Include="..\..\libs\libc\unistd.c" />
    <ClCompile Include="..\..\libs\libc\assert.c" />
    <ClCompile Include="..\..\libs\libc\ctype.c" />
    <ClCompile Include="..\..\libs\libc\dirent.c" />
    <ClCompile Include="..\..\libs\libc\format-printer.c" />
  </ItemGroup>
  <ItemGroup>
    <None Include="..\..\libs\libc\itos.impl.inl" />
    <None Include="..\..\libs\libc\stdio-file.c.inl" />
    <None Include="..\..\libs\libc\syscall.S" />
    <None Include="..\..\libs\libc\dlmalloc.inl" />
  </ItemGroup>
</Project>